// !$*UTF8*$!
{
	archiveVersion = 1;
	classes = {
	};
	objectVersion = 50;
	objects = {

/* Begin PBXBuildFile section */
		17BB5A7B24F9EC2700F56CC6 /* AppDelegate.swift in Sources */ = {isa = PBXBuildFile; fileRef = 17BB5A7A24F9EC2700F56CC6 /* AppDelegate.swift */; };
		17BB5A7D24F9EC2700F56CC6 /* SceneDelegate.swift in Sources */ = {isa = PBXBuildFile; fileRef = 17BB5A7C24F9EC2700F56CC6 /* SceneDelegate.swift */; };
		17BB5A7F24F9EC2700F56CC6 /* ViewController.swift in Sources */ = {isa = PBXBuildFile; fileRef = 17BB5A7E24F9EC2700F56CC6 /* ViewController.swift */; };
		17BB5A8224F9EC2700F56CC6 /* Main.storyboard in Resources */ = {isa = PBXBuildFile; fileRef = 17BB5A8024F9EC2700F56CC6 /* Main.storyboard */; };
		17BB5A8424F9EC2800F56CC6 /* Assets.xcassets in Resources */ = {isa = PBXBuildFile; fileRef = 17BB5A8324F9EC2800F56CC6 /* Assets.xcassets */; };
		17BB5A8724F9EC2800F56CC6 /* LaunchScreen.storyboard in Resources */ = {isa = PBXBuildFile; fileRef = 17BB5A8524F9EC2800F56CC6 /* LaunchScreen.storyboard */; };
		17BB5A9224F9EC2800F56CC6 /* iosClockCloneTests.swift in Sources */ = {isa = PBXBuildFile; fileRef = 17BB5A9124F9EC2800F56CC6 /* iosClockCloneTests.swift */; };
		17BB5A9D24F9EC2800F56CC6 /* iosClockCloneUITests.swift in Sources */ = {isa = PBXBuildFile; fileRef = 17BB5A9C24F9EC2800F56CC6 /* iosClockCloneUITests.swift */; };
/* End PBXBuildFile section */

/* Begin PBXContainerItemProxy section */
		17BB5A8E24F9EC2800F56CC6 /* PBXContainerItemProxy */ = {
			isa = PBXContainerItemProxy;
			containerPortal = 17BB5A6F24F9EC2700F56CC6 /* Project object */;
			proxyType = 1;
			remoteGlobalIDString = 17BB5A7624F9EC2700F56CC6;
			remoteInfo = iosClockClone;
		};
		17BB5A9924F9EC2800F56CC6 /* PBXContainerItemProxy */ = {
			isa = PBXContainerItemProxy;
			containerPortal = 17BB5A6F24F9EC2700F56CC6 /* Project object */;
			proxyType = 1;
			remoteGlobalIDString = 17BB5A7624F9EC2700F56CC6;
			remoteInfo = iosClockClone;
		};
/* End PBXContainerItemProxy section */

/* Begin PBXFileReference section */
		17BB5A7724F9EC2700F56CC6 /* iosClockClone.app */ = {isa = PBXFileReference; explicitFileType = wrapper.application; includeInIndex = 0; path = iosClockClone.app; sourceTree = BUILT_PRODUCTS_DIR; };
		17BB5A7A24F9EC2700F56CC6 /* AppDelegate.swift */ = {isa = PBXFileReference; lastKnownFileType = sourcecode.swift; path = AppDelegate.swift; sourceTree = "<group>"; };
		17BB5A7C24F9EC2700F56CC6 /* SceneDelegate.swift */ = {isa = PBXFileReference; lastKnownFileType = sourcecode.swift; path = SceneDelegate.swift; sourceTree = "<group>"; };
		17BB5A7E24F9EC2700F56CC6 /* ViewController.swift */ = {isa = PBXFileReference; lastKnownFileType = sourcecode.swift; path = ViewController.swift; sourceTree = "<group>"; };
		17BB5A8124F9EC2700F56CC6 /* Base */ = {isa = PBXFileReference; lastKnownFileType = file.storyboard; name = Base; path = Base.lproj/Main.storyboard; sourceTree = "<group>"; };
		17BB5A8324F9EC2800F56CC6 /* Assets.xcassets */ = {isa = PBXFileReference; lastKnownFileType = folder.assetcatalog; path = Assets.xcassets; sourceTree = "<group>"; };
		17BB5A8624F9EC2800F56CC6 /* Base */ = {isa = PBXFileReference; lastKnownFileType = file.storyboard; name = Base; path = Base.lproj/LaunchScreen.storyboard; sourceTree = "<group>"; };
		17BB5A8824F9EC2800F56CC6 /* Info.plist */ = {isa = PBXFileReference; lastKnownFileType = text.plist.xml; path = Info.plist; sourceTree = "<group>"; };
		17BB5A8D24F9EC2800F56CC6 /* iosClockCloneTests.xctest */ = {isa = PBXFileReference; explicitFileType = wrapper.cfbundle; includeInIndex = 0; path = iosClockCloneTests.xctest; sourceTree = BUILT_PRODUCTS_DIR; };
		17BB5A9124F9EC2800F56CC6 /* iosClockCloneTests.swift */ = {isa = PBXFileReference; lastKnownFileType = sourcecode.swift; path = iosClockCloneTests.swift; sourceTree = "<group>"; };
		17BB5A9324F9EC2800F56CC6 /* Info.plist */ = {isa = PBXFileReference; lastKnownFileType = text.plist.xml; path = Info.plist; sourceTree = "<group>"; };
		17BB5A9824F9EC2800F56CC6 /* iosClockCloneUITests.xctest */ = {isa = PBXFileReference; explicitFileType = wrapper.cfbundle; includeInIndex = 0; path = iosClockCloneUITests.xctest; sourceTree = BUILT_PRODUCTS_DIR; };
		17BB5A9C24F9EC2800F56CC6 /* iosClockCloneUITests.swift */ = {isa = PBXFileReference; lastKnownFileType = sourcecode.swift; path = iosClockCloneUITests.swift; sourceTree = "<group>"; };
		17BB5A9E24F9EC2800F56CC6 /* Info.plist */ = {isa = PBXFileReference; lastKnownFileType = text.plist.xml; path = Info.plist; sourceTree = "<group>"; };
/* End PBXFileReference section */

/* Begin PBXFrameworksBuildPhase section */
		17BB5A7424F9EC2700F56CC6 /* Frameworks */ = {
			isa = PBXFrameworksBuildPhase;
			buildActionMask = 2147483647;
			files = (
			);
			runOnlyForDeploymentPostprocessing = 0;
		};
		17BB5A8A24F9EC2800F56CC6 /* Frameworks */ = {
			isa = PBXFrameworksBuildPhase;
			buildActionMask = 2147483647;
			files = (
			);
			runOnlyForDeploymentPostprocessing = 0;
		};
		17BB5A9524F9EC2800F56CC6 /* Frameworks */ = {
			isa = PBXFrameworksBuildPhase;
			buildActionMask = 2147483647;
			files = (
			);
			runOnlyForDeploymentPostprocessing = 0;
		};
/* End PBXFrameworksBuildPhase section */

/* Begin PBXGroup section */
		17BB5A6E24F9EC2700F56CC6 = {
			isa = PBXGroup;
			children = (
				17BB5A7924F9EC2700F56CC6 /* iosClockClone */,
				17BB5A9024F9EC2800F56CC6 /* iosClockCloneTests */,
				17BB5A9B24F9EC2800F56CC6 /* iosClockCloneUITests */,
				17BB5A7824F9EC2700F56CC6 /* Products */,
			);
			sourceTree = "<group>";
		};
		17BB5A7824F9EC2700F56CC6 /* Products */ = {
			isa = PBXGroup;
			children = (
				17BB5A7724F9EC2700F56CC6 /* iosClockClone.app */,
				17BB5A8D24F9EC2800F56CC6 /* iosClockCloneTests.xctest */,
				17BB5A9824F9EC2800F56CC6 /* iosClockCloneUITests.xctest */,
			);
			name = Products;
			sourceTree = "<group>";
		};
		17BB5A7924F9EC2700F56CC6 /* iosClockClone */ = {
			isa = PBXGroup;
			children = (
				17BB5A7A24F9EC2700F56CC6 /* AppDelegate.swift */,
				17BB5A7C24F9EC2700F56CC6 /* SceneDelegate.swift */,
				17BB5A7E24F9EC2700F56CC6 /* ViewController.swift */,
				17BB5A8024F9EC2700F56CC6 /* Main.storyboard */,
				17BB5A8324F9EC2800F56CC6 /* Assets.xcassets */,
				17BB5A8524F9EC2800F56CC6 /* LaunchScreen.storyboard */,
				17BB5A8824F9EC2800F56CC6 /* Info.plist */,
			);
			path = iosClockClone;
			sourceTree = "<group>";
		};
		17BB5A9024F9EC2800F56CC6 /* iosClockCloneTests */ = {
			isa = PBXGroup;
			children = (
				17BB5A9124F9EC2800F56CC6 /* iosClockCloneTests.swift */,
				17BB5A9324F9EC2800F56CC6 /* Info.plist */,
			);
			path = iosClockCloneTests;
			sourceTree = "<group>";
		};
		17BB5A9B24F9EC2800F56CC6 /* iosClockCloneUITests */ = {
			isa = PBXGroup;
			children = (
				17BB5A9C24F9EC2800F56CC6 /* iosClockCloneUITests.swift */,
				17BB5A9E24F9EC2800F56CC6 /* Info.plist */,
			);
			path = iosClockCloneUITests;
			sourceTree = "<group>";
		};
/* End PBXGroup section */

/* Begin PBXNativeTarget section */
		17BB5A7624F9EC2700F56CC6 /* iosClockClone */ = {
			isa = PBXNativeTarget;
			buildConfigurationList = 17BB5AA124F9EC2800F56CC6 /* Build configuration list for PBXNativeTarget "iosClockClone" */;
			buildPhases = (
				17BB5A7324F9EC2700F56CC6 /* Sources */,
				17BB5A7424F9EC2700F56CC6 /* Frameworks */,
				17BB5A7524F9EC2700F56CC6 /* Resources */,
			);
			buildRules = (
			);
			dependencies = (
			);
			name = iosClockClone;
			productName = iosClockClone;
			productReference = 17BB5A7724F9EC2700F56CC6 /* iosClockClone.app */;
			productType = "com.apple.product-type.application";
		};
		17BB5A8C24F9EC2800F56CC6 /* iosClockCloneTests */ = {
			isa = PBXNativeTarget;
			buildConfigurationList = 17BB5AA424F9EC2800F56CC6 /* Build configuration list for PBXNativeTarget "iosClockCloneTests" */;
			buildPhases = (
				17BB5A8924F9EC2800F56CC6 /* Sources */,
				17BB5A8A24F9EC2800F56CC6 /* Frameworks */,
				17BB5A8B24F9EC2800F56CC6 /* Resources */,
			);
			buildRules = (
			);
			dependencies = (
				17BB5A8F24F9EC2800F56CC6 /* PBXTargetDependency */,
			);
			name = iosClockCloneTests;
			productName = iosClockCloneTests;
			productReference = 17BB5A8D24F9EC2800F56CC6 /* iosClockCloneTests.xctest */;
			productType = "com.apple.product-type.bundle.unit-test";
		};
		17BB5A9724F9EC2800F56CC6 /* iosClockCloneUITests */ = {
			isa = PBXNativeTarget;
			buildConfigurationList = 17BB5AA724F9EC2800F56CC6 /* Build configuration list for PBXNativeTarget "iosClockCloneUITests" */;
			buildPhases = (
				17BB5A9424F9EC2800F56CC6 /* Sources */,
				17BB5A9524F9EC2800F56CC6 /* Frameworks */,
				17BB5A9624F9EC2800F56CC6 /* Resources */,
			);
			buildRules = (
			);
			dependencies = (
				17BB5A9A24F9EC2800F56CC6 /* PBXTargetDependency */,
			);
			name = iosClockCloneUITests;
			productName = iosClockCloneUITests;
			productReference = 17BB5A9824F9EC2800F56CC6 /* iosClockCloneUITests.xctest */;
			productType = "com.apple.product-type.bundle.ui-testing";
		};
/* End PBXNativeTarget section */

/* Begin PBXProject section */
		17BB5A6F24F9EC2700F56CC6 /* Project object */ = {
			isa = PBXProject;
			attributes = {
				LastSwiftUpdateCheck = 1200;
				LastUpgradeCheck = 1200;
				TargetAttributes = {
					17BB5A7624F9EC2700F56CC6 = {
						CreatedOnToolsVersion = 12.0;
					};
					17BB5A8C24F9EC2800F56CC6 = {
						CreatedOnToolsVersion = 12.0;
						TestTargetID = 17BB5A7624F9EC2700F56CC6;
					};
					17BB5A9724F9EC2800F56CC6 = {
						CreatedOnToolsVersion = 12.0;
						TestTargetID = 17BB5A7624F9EC2700F56CC6;
					};
				};
			};
			buildConfigurationList = 17BB5A7224F9EC2700F56CC6 /* Build configuration list for PBXProject "iosClockClone" */;
			compatibilityVersion = "Xcode 9.3";
			developmentRegion = en;
			hasScannedForEncodings = 0;
			knownRegions = (
				en,
				Base,
			);
			mainGroup = 17BB5A6E24F9EC2700F56CC6;
			productRefGroup = 17BB5A7824F9EC2700F56CC6 /* Products */;
			projectDirPath = "";
			projectRoot = "";
			targets = (
				17BB5A7624F9EC2700F56CC6 /* iosClockClone */,
				17BB5A8C24F9EC2800F56CC6 /* iosClockCloneTests */,
				17BB5A9724F9EC2800F56CC6 /* iosClockCloneUITests */,
			);
		};
/* End PBXProject section */

/* Begin PBXResourcesBuildPhase section */
		17BB5A7524F9EC2700F56CC6 /* Resources */ = {
			isa = PBXResourcesBuildPhase;
			buildActionMask = 2147483647;
			files = (
				17BB5A8724F9EC2800F56CC6 /* LaunchScreen.storyboard in Resources */,
				17BB5A8424F9EC2800F56CC6 /* Assets.xcassets in Resources */,
				17BB5A8224F9EC2700F56CC6 /* Main.storyboard in Resources */,
			);
			runOnlyForDeploymentPostprocessing = 0;
		};
		17BB5A8B24F9EC2800F56CC6 /* Resources */ = {
			isa = PBXResourcesBuildPhase;
			buildActionMask = 2147483647;
			files = (
			);
			runOnlyForDeploymentPostprocessing = 0;
		};
		17BB5A9624F9EC2800F56CC6 /* Resources */ = {
			isa = PBXResourcesBuildPhase;
			buildActionMask = 2147483647;
			files = (
			);
			runOnlyForDeploymentPostprocessing = 0;
		};
/* End PBXResourcesBuildPhase section */

/* Begin PBXSourcesBuildPhase section */
		17BB5A7324F9EC2700F56CC6 /* Sources */ = {
			isa = PBXSourcesBuildPhase;
			buildActionMask = 2147483647;
			files = (
				17BB5A7F24F9EC2700F56CC6 /* ViewController.swift in Sources */,
				17BB5A7B24F9EC2700F56CC6 /* AppDelegate.swift in Sources */,
				17BB5A7D24F9EC2700F56CC6 /* SceneDelegate.swift in Sources */,
			);
			runOnlyForDeploymentPostprocessing = 0;
		};
		17BB5A8924F9EC2800F56CC6 /* Sources */ = {
			isa = PBXSourcesBuildPhase;
			buildActionMask = 2147483647;
			files = (
				17BB5A9224F9EC2800F56CC6 /* iosClockCloneTests.swift in Sources */,
			);
			runOnlyForDeploymentPostprocessing = 0;
		};
		17BB5A9424F9EC2800F56CC6 /* Sources */ = {
			isa = PBXSourcesBuildPhase;
			buildActionMask = 2147483647;
			files = (
				17BB5A9D24F9EC2800F56CC6 /* iosClockCloneUITests.swift in Sources */,
			);
			runOnlyForDeploymentPostprocessing = 0;
		};
/* End PBXSourcesBuildPhase section */

/* Begin PBXTargetDependency section */
		17BB5A8F24F9EC2800F56CC6 /* PBXTargetDependency */ = {
			isa = PBXTargetDependency;
			target = 17BB5A7624F9EC2700F56CC6 /* iosClockClone */;
			targetProxy = 17BB5A8E24F9EC2800F56CC6 /* PBXContainerItemProxy */;
		};
		17BB5A9A24F9EC2800F56CC6 /* PBXTargetDependency */ = {
			isa = PBXTargetDependency;
			target = 17BB5A7624F9EC2700F56CC6 /* iosClockClone */;
			targetProxy = 17BB5A9924F9EC2800F56CC6 /* PBXContainerItemProxy */;
		};
/* End PBXTargetDependency section */

/* Begin PBXVariantGroup section */
		17BB5A8024F9EC2700F56CC6 /* Main.storyboard */ = {
			isa = PBXVariantGroup;
			children = (
				17BB5A8124F9EC2700F56CC6 /* Base */,
			);
			name = Main.storyboard;
			sourceTree = "<group>";
		};
		17BB5A8524F9EC2800F56CC6 /* LaunchScreen.storyboard */ = {
			isa = PBXVariantGroup;
			children = (
				17BB5A8624F9EC2800F56CC6 /* Base */,
			);
			name = LaunchScreen.storyboard;
			sourceTree = "<group>";
		};
/* End PBXVariantGroup section */

/* Begin XCBuildConfiguration section */
		17BB5A9F24F9EC2800F56CC6 /* Debug */ = {
			isa = XCBuildConfiguration;
			buildSettings = {
				ALWAYS_SEARCH_USER_PATHS = NO;
				CLANG_ANALYZER_NONNULL = YES;
				CLANG_ANALYZER_NUMBER_OBJECT_CONVERSION = YES_AGGRESSIVE;
				CLANG_CXX_LANGUAGE_STANDARD = "gnu++14";
				CLANG_CXX_LIBRARY = "libc++";
				CLANG_ENABLE_MODULES = YES;
				CLANG_ENABLE_OBJC_ARC = YES;
				CLANG_ENABLE_OBJC_WEAK = YES;
				CLANG_WARN_BLOCK_CAPTURE_AUTORELEASING = YES;
				CLANG_WARN_BOOL_CONVERSION = YES;
				CLANG_WARN_COMMA = YES;
				CLANG_WARN_CONSTANT_CONVERSION = YES;
				CLANG_WARN_DEPRECATED_OBJC_IMPLEMENTATIONS = YES;
				CLANG_WARN_DIRECT_OBJC_ISA_USAGE = YES_ERROR;
				CLANG_WARN_DOCUMENTATION_COMMENTS = YES;
				CLANG_WARN_EMPTY_BODY = YES;
				CLANG_WARN_ENUM_CONVERSION = YES;
				CLANG_WARN_INFINITE_RECURSION = YES;
				CLANG_WARN_INT_CONVERSION = YES;
				CLANG_WARN_NON_LITERAL_NULL_CONVERSION = YES;
				CLANG_WARN_OBJC_IMPLICIT_RETAIN_SELF = YES;
				CLANG_WARN_OBJC_LITERAL_CONVERSION = YES;
				CLANG_WARN_OBJC_ROOT_CLASS = YES_ERROR;
				CLANG_WARN_QUOTED_INCLUDE_IN_FRAMEWORK_HEADER = YES;
				CLANG_WARN_RANGE_LOOP_ANALYSIS = YES;
				CLANG_WARN_STRICT_PROTOTYPES = YES;
				CLANG_WARN_SUSPICIOUS_MOVE = YES;
				CLANG_WARN_UNGUARDED_AVAILABILITY = YES_AGGRESSIVE;
				CLANG_WARN_UNREACHABLE_CODE = YES;
				CLANG_WARN__DUPLICATE_METHOD_MATCH = YES;
				COPY_PHASE_STRIP = NO;
				DEBUG_INFORMATION_FORMAT = dwarf;
				ENABLE_STRICT_OBJC_MSGSEND = YES;
				ENABLE_TESTABILITY = YES;
				GCC_C_LANGUAGE_STANDARD = gnu11;
				GCC_DYNAMIC_NO_PIC = NO;
				GCC_NO_COMMON_BLOCKS = YES;
				GCC_OPTIMIZATION_LEVEL = 0;
				GCC_PREPROCESSOR_DEFINITIONS = (
					"DEBUG=1",
					"$(inherited)",
				);
				GCC_WARN_64_TO_32_BIT_CONVERSION = YES;
				GCC_WARN_ABOUT_RETURN_TYPE = YES_ERROR;
				GCC_WARN_UNDECLARED_SELECTOR = YES;
				GCC_WARN_UNINITIALIZED_AUTOS = YES_AGGRESSIVE;
				GCC_WARN_UNUSED_FUNCTION = YES;
				GCC_WARN_UNUSED_VARIABLE = YES;
				IPHONEOS_DEPLOYMENT_TARGET = 14.0;
				MTL_ENABLE_DEBUG_INFO = INCLUDE_SOURCE;
				MTL_FAST_MATH = YES;
				ONLY_ACTIVE_ARCH = YES;
				SDKROOT = iphoneos;
				SWIFT_ACTIVE_COMPILATION_CONDITIONS = DEBUG;
				SWIFT_OPTIMIZATION_LEVEL = "-Onone";
			};
			name = Debug;
		};
		17BB5AA024F9EC2800F56CC6 /* Release */ = {
			isa = XCBuildConfiguration;
			buildSettings = {
				ALWAYS_SEARCH_USER_PATHS = NO;
				CLANG_ANALYZER_NONNULL = YES;
				CLANG_ANALYZER_NUMBER_OBJECT_CONVERSION = YES_AGGRESSIVE;
				CLANG_CXX_LANGUAGE_STANDARD = "gnu++14";
				CLANG_CXX_LIBRARY = "libc++";
				CLANG_ENABLE_MODULES = YES;
				CLANG_ENABLE_OBJC_ARC = YES;
				CLANG_ENABLE_OBJC_WEAK = YES;
				CLANG_WARN_BLOCK_CAPTURE_AUTORELEASING = YES;
				CLANG_WARN_BOOL_CONVERSION = YES;
				CLANG_WARN_COMMA = YES;
				CLANG_WARN_CONSTANT_CONVERSION = YES;
				CLANG_WARN_DEPRECATED_OBJC_IMPLEMENTATIONS = YES;
				CLANG_WARN_DIRECT_OBJC_ISA_USAGE = YES_ERROR;
				CLANG_WARN_DOCUMENTATION_COMMENTS = YES;
				CLANG_WARN_EMPTY_BODY = YES;
				CLANG_WARN_ENUM_CONVERSION = YES;
				CLANG_WARN_INFINITE_RECURSION = YES;
				CLANG_WARN_INT_CONVERSION = YES;
				CLANG_WARN_NON_LITERAL_NULL_CONVERSION = YES;
				CLANG_WARN_OBJC_IMPLICIT_RETAIN_SELF = YES;
				CLANG_WARN_OBJC_LITERAL_CONVERSION = YES;
				CLANG_WARN_OBJC_ROOT_CLASS = YES_ERROR;
				CLANG_WARN_QUOTED_INCLUDE_IN_FRAMEWORK_HEADER = YES;
				CLANG_WARN_RANGE_LOOP_ANALYSIS = YES;
				CLANG_WARN_STRICT_PROTOTYPES = YES;
				CLANG_WARN_SUSPICIOUS_MOVE = YES;
				CLANG_WARN_UNGUARDED_AVAILABILITY = YES_AGGRESSIVE;
				CLANG_WARN_UNREACHABLE_CODE = YES;
				CLANG_WARN__DUPLICATE_METHOD_MATCH = YES;
				COPY_PHASE_STRIP = NO;
				DEBUG_INFORMATION_FORMAT = "dwarf-with-dsym";
				ENABLE_NS_ASSERTIONS = NO;
				ENABLE_STRICT_OBJC_MSGSEND = YES;
				GCC_C_LANGUAGE_STANDARD = gnu11;
				GCC_NO_COMMON_BLOCKS = YES;
				GCC_WARN_64_TO_32_BIT_CONVERSION = YES;
				GCC_WARN_ABOUT_RETURN_TYPE = YES_ERROR;
				GCC_WARN_UNDECLARED_SELECTOR = YES;
				GCC_WARN_UNINITIALIZED_AUTOS = YES_AGGRESSIVE;
				GCC_WARN_UNUSED_FUNCTION = YES;
				GCC_WARN_UNUSED_VARIABLE = YES;
				IPHONEOS_DEPLOYMENT_TARGET = 14.0;
				MTL_ENABLE_DEBUG_INFO = NO;
				MTL_FAST_MATH = YES;
				SDKROOT = iphoneos;
				SWIFT_COMPILATION_MODE = wholemodule;
				SWIFT_OPTIMIZATION_LEVEL = "-O";
				VALIDATE_PRODUCT = YES;
			};
			name = Release;
		};
		17BB5AA224F9EC2800F56CC6 /* Debug */ = {
			isa = XCBuildConfiguration;
			buildSettings = {
				ASSETCATALOG_COMPILER_APPICON_NAME = AppIcon;
				ASSETCATALOG_COMPILER_GLOBAL_ACCENT_COLOR_NAME = AccentColor;
				CODE_SIGN_STYLE = Automatic;
				DEVELOPMENT_TEAM = B58WWRW5W2;
				INFOPLIST_FILE = iosClockClone/Info.plist;
				LD_RUNPATH_SEARCH_PATHS = (
					"$(inherited)",
					"@executable_path/Frameworks",
				);
				PRODUCT_BUNDLE_IDENTIFIER = smirkiiivAndy.iosClockClone;
				PRODUCT_NAME = "$(TARGET_NAME)";
				SWIFT_VERSION = 5.0;
				TARGETED_DEVICE_FAMILY = "1,2";
			};
			name = Debug;
		};
		17BB5AA324F9EC2800F56CC6 /* Release */ = {
			isa = XCBuildConfiguration;
			buildSettings = {
				ASSETCATALOG_COMPILER_APPICON_NAME = AppIcon;
				ASSETCATALOG_COMPILER_GLOBAL_ACCENT_COLOR_NAME = AccentColor;
				CODE_SIGN_STYLE = Automatic;
				DEVELOPMENT_TEAM = B58WWRW5W2;
				INFOPLIST_FILE = iosClockClone/Info.plist;
				LD_RUNPATH_SEARCH_PATHS = (
					"$(inherited)",
					"@executable_path/Frameworks",
				);
				PRODUCT_BUNDLE_IDENTIFIER = smirkiiivAndy.iosClockClone;
				PRODUCT_NAME = "$(TARGET_NAME)";
				SWIFT_VERSION = 5.0;
				TARGETED_DEVICE_FAMILY = "1,2";
			};
			name = Release;
		};
		17BB5AA524F9EC2800F56CC6 /* Debug */ = {
			isa = XCBuildConfiguration;
			buildSettings = {
				ALWAYS_EMBED_SWIFT_STANDARD_LIBRARIES = YES;
				BUNDLE_LOADER = "$(TEST_HOST)";
				CODE_SIGN_STYLE = Automatic;
				DEVELOPMENT_TEAM = B58WWRW5W2;
				INFOPLIST_FILE = iosClockCloneTests/Info.plist;
				IPHONEOS_DEPLOYMENT_TARGET = 14.0;
				LD_RUNPATH_SEARCH_PATHS = (
					"$(inherited)",
					"@executable_path/Frameworks",
					"@loader_path/Frameworks",
				);
				PRODUCT_BUNDLE_IDENTIFIER = smirkiiivAndy.iosClockCloneTests;
				PRODUCT_NAME = "$(TARGET_NAME)";
				SWIFT_VERSION = 5.0;
				TARGETED_DEVICE_FAMILY = "1,2";
				TEST_HOST = "$(BUILT_PRODUCTS_DIR)/iosClockClone.app/iosClockClone";
			};
			name = Debug;
		};
		17BB5AA624F9EC2800F56CC6 /* Release */ = {
			isa = XCBuildConfiguration;
			buildSettings = {
				ALWAYS_EMBED_SWIFT_STANDARD_LIBRARIES = YES;
				BUNDLE_LOADER = "$(TEST_HOST)";
				CODE_SIGN_STYLE = Automatic;
				DEVELOPMENT_TEAM = B58WWRW5W2;
				INFOPLIST_FILE = iosClockCloneTests/Info.plist;
				IPHONEOS_DEPLOYMENT_TARGET = 14.0;
				LD_RUNPATH_SEARCH_PATHS = (
					"$(inherited)",
					"@executable_path/Frameworks",
					"@loader_path/Frameworks",
				);
				PRODUCT_BUNDLE_IDENTIFIER = smirkiiivAndy.iosClockCloneTests;
				PRODUCT_NAME = "$(TARGET_NAME)";
				SWIFT_VERSION = 5.0;
				TARGETED_DEVICE_FAMILY = "1,2";
				TEST_HOST = "$(BUILT_PRODUCTS_DIR)/iosClockClone.app/iosClockClone";
			};
			name = Release;
		};
		17BB5AA824F9EC2800F56CC6 /* Debug */ = {
			isa = XCBuildConfiguration;
			buildSettings = {
				ALWAYS_EMBED_SWIFT_STANDARD_LIBRARIES = YES;
				CODE_SIGN_STYLE = Automatic;
				DEVELOPMENT_TEAM = B58WWRW5W2;
				INFOPLIST_FILE = iosClockCloneUITests/Info.plist;
				LD_RUNPATH_SEARCH_PATHS = (
					"$(inherited)",
					"@executable_path/Frameworks",
					"@loader_path/Frameworks",
				);
				PRODUCT_BUNDLE_IDENTIFIER = smirkiiivAndy.iosClockCloneUITests;
				PRODUCT_NAME = "$(TARGET_NAME)";
				SWIFT_VERSION = 5.0;
				TARGETED_DEVICE_FAMILY = "1,2";
				TEST_TARGET_NAME = iosClockClone;
			};
			name = Debug;
		};
		17BB5AA924F9EC2800F56CC6 /* Release */ = {
			isa = XCBuildConfiguration;
			buildSettings = {
				ALWAYS_EMBED_SWIFT_STANDARD_LIBRARIES = YES;
				CODE_SIGN_STYLE = Automatic;
				DEVELOPMENT_TEAM = B58WWRW5W2;
				INFOPLIST_FILE = iosClockCloneUITests/Info.plist;
				LD_RUNPATH_SEARCH_PATHS = (
					"$(inherited)",
					"@executable_path/Frameworks",
					"@loader_path/Frameworks",
				);
				PRODUCT_BUNDLE_IDENTIFIER = smirkiiivAndy.iosClockCloneUITests;
				PRODUCT_NAME = "$(TARGET_NAME)";
				SWIFT_VERSION = 5.0;
				TARGETED_DEVICE_FAMILY = "1,2";
				TEST_TARGET_NAME = iosClockClone;
			};
			name = Release;
		};
/* End XCBuildConfiguration section */

/* Begin XCConfigurationList section */
		17BB5A7224F9EC2700F56CC6 /* Build configuration list for PBXProject "iosClockClone" */ = {
			isa = XCConfigurationList;
			buildConfigurations = (
				17BB5A9F24F9EC2800F56CC6 /* Debug */,
				17BB5AA024F9EC2800F56CC6 /* Release */,
			);
			defaultConfigurationIsVisible = 0;
			defaultConfigurationName = Release;
		};
		17BB5AA124F9EC2800F56CC6 /* Build configuration list for PBXNativeTarget "iosClockClone" */ = {
			isa = XCConfigurationList;
			buildConfigurations = (
				17BB5AA224F9EC2800F56CC6 /* Debug */,
				17BB5AA324F9EC2800F56CC6 /* Release */,
			);
			defaultConfigurationIsVisible = 0;
			defaultConfigurationName = Release;
		};
		17BB5AA424F9EC2800F56CC6 /* Build configuration list for PBXNativeTarget "iosClockCloneTests" */ = {
			isa = XCConfigurationList;
			buildConfigurations = (
				17BB5AA524F9EC2800F56CC6 /* Debug */,
				17BB5AA624F9EC2800F56CC6 /* Release */,
			);
			defaultConfigurationIsVisible = 0;
			defaultConfigurationName = Release;
		};
		17BB5AA724F9EC2800F56CC6 /* Build configuration list for PBXNativeTarget "iosClockCloneUITests" */ = {
			isa = XCConfigurationList;
			buildConfigurations = (
				17BB5AA824F9EC2800F56CC6 /* Debug */,
				17BB5AA924F9EC2800F56CC6 /* Release */,
			);
			defaultConfigurationIsVisible = 0;
			defaultConfigurationName = Release;
		};
/* End XCConfigurationList section */
	};
	rootObject = 17BB5A6F24F9EC2700F56CC6 /* Project object */;
}
